<?xml version="1.0" encoding="utf-8"?>
<Project ToolsVersion="4.0" xmlns="http://schemas.microsoft.com/developer/msbuild/2003">
  <ItemGroup>
    <Filter Include="Source Files">
      <UniqueIdentifier>{5c1f80e9-f5f2-4197-bab5-156bbd0edd27}</UniqueIdentifier>
      <Extensions>cpp;c;cxx;rc;def;r;odl;idl;hpj;bat</Extensions>
    </Filter>
  </ItemGroup>
  <ItemGroup>
    <ClCompile Include="src\plugin.c">
      <Filter>Source Files</Filter>
    </ClCompile>
    <ClCompile Include="src\shawn\socket.cpp">
      <Filter>Source Files</Filter>
    </ClCompile>
    <ClCompile Include="src\shawn\storage.cpp">
      <Filter>Source Files</Filter>
    </ClCompile>
    <ClCompile Include="src\TraCIAPI\Simulation.cpp">
      <Filter>Source Files</Filter>
    </ClCompile>
    <ClCompile Include="src\TraCIAPI\TraCIServer.cpp">
      <Filter>Source Files</Filter>
    </ClCompile>
    <ClCompile Include="src\TraCIAPI\VehicleManager.cpp">
      <Filter>Source Files</Filter>
    </ClCompile>
    <ClCompile Include="src\TraCIAPI\Triggers.cpp">
      <Filter>Source Files</Filter>
    </ClCompile>
    <ClCompile Include="src\TraCIAPI\Utils.cpp">
      <Filter>Source Files</Filter>
    </ClCompile>
    <ClCompile Include="src\TraCIAPI\Network.cpp">
      <Filter>Source Files</Filter>
    </ClCompile>
    <ClCompile Include="src\TraCIAPI\Subscriptions.cpp">
      <Filter>Source Files</Filter>
    </ClCompile>
  </ItemGroup>
  <ItemGroup>
    <ClInclude Include="src\shawn\socket.h">
      <Filter>Source Files</Filter>
    </ClInclude>
    <ClInclude Include="src\TraCIAPI\Simulation.h">
      <Filter>Source Files</Filter>
    </ClInclude>
    <ClInclude Include="LICENSE" />
    <ClInclude Include="src\TraCIAPI\TraCIServer.h">
      <Filter>Source Files</Filter>
    </ClInclude>
    <ClInclude Include="src\TraCIAPI\Constants.h" />
    <ClInclude Include="src\TraCIAPI\VehicleManager.h" />
    <ClInclude Include="src\TraCIAPI\Utils.h" />
    <ClInclude Include="src\TraCIAPI\Triggers.h" />
    <ClInclude Include="src\TraCIAPI\Network.h" />
    <ClInclude Include="src\TraCIAPI\Exceptions.h" />
    <ClInclude Include="src\TraCIAPI\Subscriptions.h" />
    <ClInclude Include="src\shawn\storage.h">
      <Filter>Source Files</Filter>
    </ClInclude>
  </ItemGroup>
  <ItemGroup>
    <None Include="ClassDiagram.cd" />
  </ItemGroup>
</Project>